<?xml version="1.0" encoding="utf-8"?>
<Project ToolsVersion="4.0" xmlns="http://schemas.microsoft.com/developer/msbuild/2003">
  <ItemGroup>
    <ClCompile Include="src\base\Exception.cpp" />
    <ClCompile Include="src\Main.cpp" />
    <ClCompile Include="src\net\port_scanner\misc\PortScannerException.cpp" />
    <ClCompile Include="src\net\port_scanner\PortScanner.cpp" />
    <ClCompile Include="src\net\socket\misc\SocketException.cpp" />
    <ClCompile Include="src\net\socket\Socket.cpp" />
    <ClCompile Include="src\net\socket\sync_builder\SocketSyncBuilder.cpp" />
    <ClCompile Include="src\net\socket\sync_builder\sync\SocketSync.cpp" />
    <ClCompile Include="src\net\socket\sync_builder\misc\SocketSyncBuilderException.cpp" />
  </ItemGroup>
  <ItemGroup>
    <ClInclude Include="src\base\Exception.h" />
    <ClInclude Include="src\net\port_scanner\misc\PortScannerException.h" />
    <ClInclude Include="src\net\port_scanner\PortScanner.h" />
    <ClInclude Include="src\net\socket\misc\SocketException.h" />
    <ClInclude Include="src\net\socket\Socket.h" />
    <ClInclude Include="src\net\socket\sync_builder\SocketSyncBuilder.h" />
    <ClInclude Include="src\net\socket\sync_builder\sync\SocketSync.h" />
    <ClInclude Include="src\net\socket\sync_builder\misc\SocketSyncBuilderException.h" />
  </ItemGroup>
</Project>